
Microsoft Visual Studio Solution File, Format Version 11.00
# Visual Studio 2010
Project("{FAE04EC0-301F-11D3-BF4B-00C04F79EFBC}") = "KHE", "Assembly-CSharp.csproj", "{FD194D55-B1F2-D2BC-0281-3ECC66247D18}"
EndProject
Project("{FAE04EC0-301F-11D3-BF4B-00C04F79EFBC}") = "KHE", "Assembly-CSharp-Editor.csproj", "{2D00F437-CFC9-036C-4EA4-34EF82FD49AD}"
EndProject
Global
	GlobalSection(SolutionConfigurationPlatforms) = preSolution
		Debug|Any CPU = Debug|Any CPU
		Release|Any CPU = Release|Any CPU
	EndGlobalSection
	GlobalSection(ProjectConfigurationPlatforms) = postSolution
		{FD194D55-B1F2-D2BC-0281-3ECC66247D18}.Debug|Any CPU.ActiveCfg = Debug|Any CPU
		{FD194D55-B1F2-D2BC-0281-3ECC66247D18}.Debug|Any CPU.Build.0 = Debug|Any CPU
		{FD194D55-B1F2-D2BC-0281-3ECC66247D18}.Release|Any CPU.ActiveCfg = Release|Any CPU
		{FD194D55-B1F2-D2BC-0281-3ECC66247D18}.Release|Any CPU.Build.0 = Release|Any CPU
		{2D00F437-CFC9-036C-4EA4-34EF82FD49AD}.Debug|Any CPU.ActiveCfg = Debug|Any CPU
		{2D00F437-CFC9-036C-4EA4-34EF82FD49AD}.Debug|Any CPU.Build.0 = Debug|Any CPU
		{2D00F437-CFC9-036C-4EA4-34EF82FD49AD}.Release|Any CPU.ActiveCfg = Release|Any CPU
		{2D00F437-CFC9-036C-4EA4-34EF82FD49AD}.Release|Any CPU.Build.0 = Release|Any CPU
	EndGlobalSection
	GlobalSection(SolutionProperties) = preSolution
		HideSolutionNode = FALSE
	EndGlobalSection
	GlobalSection(MonoDevelopProperties) = preSolution
		StartupItem = Assembly-CSharp.csproj
	EndGlobalSection
EndGlobal
