
Microsoft Visual Studio Solution File, Format Version 12.00
# Visual Studio 2017
Project("{FAE04EC0-301F-11D3-BF4B-00C04F79EFBC}") = "Can Hack Enough", "Can Hack Enough.csproj", "{09A03EC5-1D55-549C-8128-35D3C39D7BEE}"
EndProject
Project("{FAE04EC0-301F-11D3-BF4B-00C04F79EFBC}") = "Can Hack Enough.Editor", "Can Hack Enough.Editor.csproj", "{E8BF1B6C-4C24-0B3A-03B8-E35C67641DDC}"
EndProject
Global
	GlobalSection(SolutionConfigurationPlatforms) = preSolution
		Debug|Any CPU = Debug|Any CPU
		Release|Any CPU = Release|Any CPU
	EndGlobalSection
	GlobalSection(ProjectConfigurationPlatforms) = postSolution
		{09A03EC5-1D55-549C-8128-35D3C39D7BEE}.Debug|Any CPU.ActiveCfg = Debug|Any CPU
		{09A03EC5-1D55-549C-8128-35D3C39D7BEE}.Debug|Any CPU.Build.0 = Debug|Any CPU
		{09A03EC5-1D55-549C-8128-35D3C39D7BEE}.Release|Any CPU.ActiveCfg = Release|Any CPU
		{09A03EC5-1D55-549C-8128-35D3C39D7BEE}.Release|Any CPU.Build.0 = Release|Any CPU
		{E8BF1B6C-4C24-0B3A-03B8-E35C67641DDC}.Debug|Any CPU.ActiveCfg = Debug|Any CPU
		{E8BF1B6C-4C24-0B3A-03B8-E35C67641DDC}.Debug|Any CPU.Build.0 = Debug|Any CPU
		{E8BF1B6C-4C24-0B3A-03B8-E35C67641DDC}.Release|Any CPU.ActiveCfg = Release|Any CPU
		{E8BF1B6C-4C24-0B3A-03B8-E35C67641DDC}.Release|Any CPU.Build.0 = Release|Any CPU
	EndGlobalSection
	GlobalSection(SolutionProperties) = preSolution
		HideSolutionNode = FALSE
	EndGlobalSection
EndGlobal
